
Microsoft Visual Studio Solution File, Format Version 12.00
# Visual Studio Version 17
VisualStudioVersion = 17.3.32929.385
MinimumVisualStudioVersion = 10.0.40219.1
Project("{8BC9CEB8-8B4A-11D0-8D11-00A0C91BC942}") = "cpp_practice", "cpp_practice\cpp_practice.vcxproj", "{66FEF814-65D8-4AEB-8D50-2106E6ECFA7C}"
EndProject
Project("{8BC9CEB8-8B4A-11D0-8D11-00A0C91BC942}") = "20215124_Project3", "20215124\20215124.vcxproj", "{09AA9D71-A7D4-4A58-AE5D-D778A28A01FF}"
EndProject
Global
	GlobalSection(SolutionConfigurationPlatforms) = preSolution
		Debug|x64 = Debug|x64
		Debug|x86 = Debug|x86
		Release|x64 = Release|x64
		Release|x86 = Release|x86
	EndGlobalSection
	GlobalSection(ProjectConfigurationPlatforms) = postSolution
		{66FEF814-65D8-4AEB-8D50-2106E6ECFA7C}.Debug|x64.ActiveCfg = Debug|x64
		{66FEF814-65D8-4AEB-8D50-2106E6ECFA7C}.Debug|x64.Build.0 = Debug|x64
		{66FEF814-65D8-4AEB-8D50-2106E6ECFA7C}.Debug|x86.ActiveCfg = Debug|Win32
		{66FEF814-65D8-4AEB-8D50-2106E6ECFA7C}.Debug|x86.Build.0 = Debug|Win32
		{66FEF814-65D8-4AEB-8D50-2106E6ECFA7C}.Release|x64.ActiveCfg = Release|x64
		{66FEF814-65D8-4AEB-8D50-2106E6ECFA7C}.Release|x64.Build.0 = Release|x64
		{66FEF814-65D8-4AEB-8D50-2106E6ECFA7C}.Release|x86.ActiveCfg = Release|Win32
		{66FEF814-65D8-4AEB-8D50-2106E6ECFA7C}.Release|x86.Build.0 = Release|Win32
		{09AA9D71-A7D4-4A58-AE5D-D778A28A01FF}.Debug|x64.ActiveCfg = Debug|x64
		{09AA9D71-A7D4-4A58-AE5D-D778A28A01FF}.Debug|x64.Build.0 = Debug|x64
		{09AA9D71-A7D4-4A58-AE5D-D778A28A01FF}.Debug|x86.ActiveCfg = Debug|Win32
		{09AA9D71-A7D4-4A58-AE5D-D778A28A01FF}.Debug|x86.Build.0 = Debug|Win32
		{09AA9D71-A7D4-4A58-AE5D-D778A28A01FF}.Release|x64.ActiveCfg = Release|x64
		{09AA9D71-A7D4-4A58-AE5D-D778A28A01FF}.Release|x64.Build.0 = Release|x64
		{09AA9D71-A7D4-4A58-AE5D-D778A28A01FF}.Release|x86.ActiveCfg = Release|Win32
		{09AA9D71-A7D4-4A58-AE5D-D778A28A01FF}.Release|x86.Build.0 = Release|Win32
	EndGlobalSection
	GlobalSection(SolutionProperties) = preSolution
		HideSolutionNode = FALSE
	EndGlobalSection
	GlobalSection(ExtensibilityGlobals) = postSolution
		SolutionGuid = {6094EFA0-9BC4-4E24-BA67-0ED26921D29A}
	EndGlobalSection
EndGlobal
